// !$*UTF8*$!
{
	archiveVersion = 1;
	classes = {
	};
	objectVersion = 50;
	objects = {

/* Begin PBXBuildFile section */
		543E2007270712CD004E960D /* AppDelegate.swift in Sources */ = {isa = PBXBuildFile; fileRef = 543E2006270712CD004E960D /* AppDelegate.swift */; };
		543E2009270712CD004E960D /* SceneDelegate.swift in Sources */ = {isa = PBXBuildFile; fileRef = 543E2008270712CD004E960D /* SceneDelegate.swift */; };
		543E200B270712CD004E960D /* ViewController.swift in Sources */ = {isa = PBXBuildFile; fileRef = 543E200A270712CD004E960D /* ViewController.swift */; };
		543E200E270712CD004E960D /* Main.storyboard in Resources */ = {isa = PBXBuildFile; fileRef = 543E200C270712CD004E960D /* Main.storyboard */; };
		543E2010270712CE004E960D /* Assets.xcassets in Resources */ = {isa = PBXBuildFile; fileRef = 543E200F270712CE004E960D /* Assets.xcassets */; };
		543E2013270712CE004E960D /* LaunchScreen.storyboard in Resources */ = {isa = PBXBuildFile; fileRef = 543E2011270712CE004E960D /* LaunchScreen.storyboard */; };
		543E201B270713E7004E960D /* NonStopCircleViewController.swift in Sources */ = {isa = PBXBuildFile; fileRef = 543E201A270713E7004E960D /* NonStopCircleViewController.swift */; };
		543E201D2707146F004E960D /* PicturesGalleryViewController.swift in Sources */ = {isa = PBXBuildFile; fileRef = 543E201C2707146F004E960D /* PicturesGalleryViewController.swift */; };
		543E201F270714A5004E960D /* RoadDriverViewController.swift in Sources */ = {isa = PBXBuildFile; fileRef = 543E201E270714A5004E960D /* RoadDriverViewController.swift */; };
		543E2021270715B8004E960D /* SuperCustomButton.swift in Sources */ = {isa = PBXBuildFile; fileRef = 543E2020270715B8004E960D /* SuperCustomButton.swift */; };
		543E202327075195004E960D /* whiteCat.png in Resources */ = {isa = PBXBuildFile; fileRef = 543E202227075195004E960D /* whiteCat.png */; };
		54B29749270C6A5A006844BD /* SecretViewController.swift in Sources */ = {isa = PBXBuildFile; fileRef = 54B29748270C6A5A006844BD /* SecretViewController.swift */; };
		54B29751270C7E01006844BD /* block.jpg in Resources */ = {isa = PBXBuildFile; fileRef = 54B29750270C7E01006844BD /* block.jpg */; };
		54B29753270C9E9C006844BD /* RacingCar.png in Resources */ = {isa = PBXBuildFile; fileRef = 54B29752270C9E9C006844BD /* RacingCar.png */; };
		54B29755270CA262006844BD /* Road.png in Resources */ = {isa = PBXBuildFile; fileRef = 54B29754270CA262006844BD /* Road.png */; };
		54B29757270CA394006844BD /* Stop.png in Resources */ = {isa = PBXBuildFile; fileRef = 54B29756270CA394006844BD /* Stop.png */; };
		54B29759270DD1E6006844BD /* GameOverViewController.swift in Sources */ = {isa = PBXBuildFile; fileRef = 54B29758270DD1E6006844BD /* GameOverViewController.swift */; };
		54C98BA927099BB6006677AB /* squirrel.png in Resources */ = {isa = PBXBuildFile; fileRef = 54C98BA827099BB6006677AB /* squirrel.png */; };
		54C98BAF2709B2D2006677AB /* mario.png in Resources */ = {isa = PBXBuildFile; fileRef = 54C98BAE2709B2D2006677AB /* mario.png */; };
		54C98BB12709B3A6006677AB /* phone.png in Resources */ = {isa = PBXBuildFile; fileRef = 54C98BB02709B3A6006677AB /* phone.png */; };
		54C98BB32709B3AE006677AB /* kupidon.png in Resources */ = {isa = PBXBuildFile; fileRef = 54C98BB22709B3AE006677AB /* kupidon.png */; };
/* End PBXBuildFile section */

/* Begin PBXFileReference section */
		543E2003270712CD004E960D /* lesson 12 HW.app */ = {isa = PBXFileReference; explicitFileType = wrapper.application; includeInIndex = 0; path = "lesson 12 HW.app"; sourceTree = BUILT_PRODUCTS_DIR; };
		543E2006270712CD004E960D /* AppDelegate.swift */ = {isa = PBXFileReference; lastKnownFileType = sourcecode.swift; path = AppDelegate.swift; sourceTree = "<group>"; };
		543E2008270712CD004E960D /* SceneDelegate.swift */ = {isa = PBXFileReference; lastKnownFileType = sourcecode.swift; path = SceneDelegate.swift; sourceTree = "<group>"; };
		543E200A270712CD004E960D /* ViewController.swift */ = {isa = PBXFileReference; lastKnownFileType = sourcecode.swift; path = ViewController.swift; sourceTree = "<group>"; };
		543E200D270712CD004E960D /* Base */ = {isa = PBXFileReference; lastKnownFileType = file.storyboard; name = Base; path = Base.lproj/Main.storyboard; sourceTree = "<group>"; };
		543E200F270712CE004E960D /* Assets.xcassets */ = {isa = PBXFileReference; lastKnownFileType = folder.assetcatalog; path = Assets.xcassets; sourceTree = "<group>"; };
		543E2012270712CE004E960D /* Base */ = {isa = PBXFileReference; lastKnownFileType = file.storyboard; name = Base; path = Base.lproj/LaunchScreen.storyboard; sourceTree = "<group>"; };
		543E2014270712CE004E960D /* Info.plist */ = {isa = PBXFileReference; lastKnownFileType = text.plist.xml; path = Info.plist; sourceTree = "<group>"; };
		543E201A270713E7004E960D /* NonStopCircleViewController.swift */ = {isa = PBXFileReference; lastKnownFileType = sourcecode.swift; path = NonStopCircleViewController.swift; sourceTree = "<group>"; };
		543E201C2707146F004E960D /* PicturesGalleryViewController.swift */ = {isa = PBXFileReference; lastKnownFileType = sourcecode.swift; path = PicturesGalleryViewController.swift; sourceTree = "<group>"; };
		543E201E270714A5004E960D /* RoadDriverViewController.swift */ = {isa = PBXFileReference; lastKnownFileType = sourcecode.swift; path = RoadDriverViewController.swift; sourceTree = "<group>"; };
		543E2020270715B8004E960D /* SuperCustomButton.swift */ = {isa = PBXFileReference; lastKnownFileType = sourcecode.swift; path = SuperCustomButton.swift; sourceTree = "<group>"; };
		543E202227075195004E960D /* whiteCat.png */ = {isa = PBXFileReference; lastKnownFileType = image.png; path = whiteCat.png; sourceTree = "<group>"; };
		54B29748270C6A5A006844BD /* SecretViewController.swift */ = {isa = PBXFileReference; lastKnownFileType = sourcecode.swift; path = SecretViewController.swift; sourceTree = "<group>"; };
		54B29750270C7E01006844BD /* block.jpg */ = {isa = PBXFileReference; lastKnownFileType = image.jpeg; path = block.jpg; sourceTree = "<group>"; };
		54B29752270C9E9C006844BD /* RacingCar.png */ = {isa = PBXFileReference; lastKnownFileType = image.png; path = RacingCar.png; sourceTree = "<group>"; };
		54B29754270CA262006844BD /* Road.png */ = {isa = PBXFileReference; lastKnownFileType = image.png; path = Road.png; sourceTree = "<group>"; };
		54B29756270CA394006844BD /* Stop.png */ = {isa = PBXFileReference; lastKnownFileType = image.png; path = Stop.png; sourceTree = "<group>"; };
		54B29758270DD1E6006844BD /* GameOverViewController.swift */ = {isa = PBXFileReference; lastKnownFileType = sourcecode.swift; path = GameOverViewController.swift; sourceTree = "<group>"; };
		54C98BA827099BB6006677AB /* squirrel.png */ = {isa = PBXFileReference; lastKnownFileType = image.png; path = squirrel.png; sourceTree = "<group>"; };
		54C98BAE2709B2D2006677AB /* mario.png */ = {isa = PBXFileReference; lastKnownFileType = image.png; path = mario.png; sourceTree = "<group>"; };
		54C98BB02709B3A6006677AB /* phone.png */ = {isa = PBXFileReference; lastKnownFileType = image.png; path = phone.png; sourceTree = "<group>"; };
		54C98BB22709B3AE006677AB /* kupidon.png */ = {isa = PBXFileReference; lastKnownFileType = image.png; path = kupidon.png; sourceTree = "<group>"; };
/* End PBXFileReference section */

/* Begin PBXFrameworksBuildPhase section */
		543E2000270712CD004E960D /* Frameworks */ = {
			isa = PBXFrameworksBuildPhase;
			buildActionMask = 2147483647;
			files = (
			);
			runOnlyForDeploymentPostprocessing = 0;
		};
/* End PBXFrameworksBuildPhase section */

/* Begin PBXGroup section */
		543E1FFA270712CD004E960D = {
			isa = PBXGroup;
			children = (
				543E2005270712CD004E960D /* lesson 12 HW */,
				543E2004270712CD004E960D /* Products */,
			);
			sourceTree = "<group>";
		};
		543E2004270712CD004E960D /* Products */ = {
			isa = PBXGroup;
			children = (
				543E2003270712CD004E960D /* lesson 12 HW.app */,
			);
			name = Products;
			sourceTree = "<group>";
		};
		543E2005270712CD004E960D /* lesson 12 HW */ = {
			isa = PBXGroup;
			children = (
				543E202227075195004E960D /* whiteCat.png */,
				54C98BA827099BB6006677AB /* squirrel.png */,
				54B29754270CA262006844BD /* Road.png */,
				54B29756270CA394006844BD /* Stop.png */,
				54B29752270C9E9C006844BD /* RacingCar.png */,
				54C98BAE2709B2D2006677AB /* mario.png */,
				54C98BB22709B3AE006677AB /* kupidon.png */,
				54B29750270C7E01006844BD /* block.jpg */,
				54C98BB02709B3A6006677AB /* phone.png */,
				543E2006270712CD004E960D /* AppDelegate.swift */,
				543E2008270712CD004E960D /* SceneDelegate.swift */,
				543E200A270712CD004E960D /* ViewController.swift */,
				54B29748270C6A5A006844BD /* SecretViewController.swift */,
				54B29758270DD1E6006844BD /* GameOverViewController.swift */,
				543E201A270713E7004E960D /* NonStopCircleViewController.swift */,
				543E201C2707146F004E960D /* PicturesGalleryViewController.swift */,
				543E201E270714A5004E960D /* RoadDriverViewController.swift */,
				543E200C270712CD004E960D /* Main.storyboard */,
				543E2020270715B8004E960D /* SuperCustomButton.swift */,
				543E200F270712CE004E960D /* Assets.xcassets */,
				543E2011270712CE004E960D /* LaunchScreen.storyboard */,
				543E2014270712CE004E960D /* Info.plist */,
			);
			path = "lesson 12 HW";
			sourceTree = "<group>";
		};
/* End PBXGroup section */

/* Begin PBXNativeTarget section */
		543E2002270712CD004E960D /* lesson 12 HW */ = {
			isa = PBXNativeTarget;
			buildConfigurationList = 543E2017270712CE004E960D /* Build configuration list for PBXNativeTarget "lesson 12 HW" */;
			buildPhases = (
				543E1FFF270712CD004E960D /* Sources */,
				543E2000270712CD004E960D /* Frameworks */,
				543E2001270712CD004E960D /* Resources */,
			);
			buildRules = (
			);
			dependencies = (
			);
			name = "lesson 12 HW";
			productName = "lesson 12 HW";
			productReference = 543E2003270712CD004E960D /* lesson 12 HW.app */;
			productType = "com.apple.product-type.application";
		};
/* End PBXNativeTarget section */

/* Begin PBXProject section */
		543E1FFB270712CD004E960D /* Project object */ = {
			isa = PBXProject;
			attributes = {
				LastSwiftUpdateCheck = 1250;
				LastUpgradeCheck = 1250;
				TargetAttributes = {
					543E2002270712CD004E960D = {
						CreatedOnToolsVersion = 12.5.1;
					};
				};
			};
			buildConfigurationList = 543E1FFE270712CD004E960D /* Build configuration list for PBXProject "lesson 12 HW" */;
			compatibilityVersion = "Xcode 9.3";
			developmentRegion = en;
			hasScannedForEncodings = 0;
			knownRegions = (
				en,
				Base,
			);
			mainGroup = 543E1FFA270712CD004E960D;
			productRefGroup = 543E2004270712CD004E960D /* Products */;
			projectDirPath = "";
			projectRoot = "";
			targets = (
				543E2002270712CD004E960D /* lesson 12 HW */,
			);
		};
/* End PBXProject section */

/* Begin PBXResourcesBuildPhase section */
		543E2001270712CD004E960D /* Resources */ = {
			isa = PBXResourcesBuildPhase;
			buildActionMask = 2147483647;
			files = (
				54C98BB32709B3AE006677AB /* kupidon.png in Resources */,
				54B29751270C7E01006844BD /* block.jpg in Resources */,
				54C98BAF2709B2D2006677AB /* mario.png in Resources */,
				543E202327075195004E960D /* whiteCat.png in Resources */,
				54C98BA927099BB6006677AB /* squirrel.png in Resources */,
				54B29753270C9E9C006844BD /* RacingCar.png in Resources */,
				54C98BB12709B3A6006677AB /* phone.png in Resources */,
				543E2013270712CE004E960D /* LaunchScreen.storyboard in Resources */,
				543E2010270712CE004E960D /* Assets.xcassets in Resources */,
				54B29757270CA394006844BD /* Stop.png in Resources */,
				543E200E270712CD004E960D /* Main.storyboard in Resources */,
				54B29755270CA262006844BD /* Road.png in Resources */,
			);
			runOnlyForDeploymentPostprocessing = 0;
		};
/* End PBXResourcesBuildPhase section */

/* Begin PBXSourcesBuildPhase section */
		543E1FFF270712CD004E960D /* Sources */ = {
			isa = PBXSourcesBuildPhase;
			buildActionMask = 2147483647;
			files = (
				543E201D2707146F004E960D /* PicturesGalleryViewController.swift in Sources */,
				543E200B270712CD004E960D /* ViewController.swift in Sources */,
				54B29749270C6A5A006844BD /* SecretViewController.swift in Sources */,
				543E201F270714A5004E960D /* RoadDriverViewController.swift in Sources */,
				543E2007270712CD004E960D /* AppDelegate.swift in Sources */,
				543E201B270713E7004E960D /* NonStopCircleViewController.swift in Sources */,
				543E2009270712CD004E960D /* SceneDelegate.swift in Sources */,
				543E2021270715B8004E960D /* SuperCustomButton.swift in Sources */,
				54B29759270DD1E6006844BD /* GameOverViewController.swift in Sources */,
			);
			runOnlyForDeploymentPostprocessing = 0;
		};
/* End PBXSourcesBuildPhase section */

/* Begin PBXVariantGroup section */
		543E200C270712CD004E960D /* Main.storyboard */ = {
			isa = PBXVariantGroup;
			children = (
				543E200D270712CD004E960D /* Base */,
			);
			name = Main.storyboard;
			sourceTree = "<group>";
		};
		543E2011270712CE004E960D /* LaunchScreen.storyboard */ = {
			isa = PBXVariantGroup;
			children = (
				543E2012270712CE004E960D /* Base */,
			);
			name = LaunchScreen.storyboard;
			sourceTree = "<group>";
		};
/* End PBXVariantGroup section */

/* Begin XCBuildConfiguration section */
		543E2015270712CE004E960D /* Debug */ = {
			isa = XCBuildConfiguration;
			buildSettings = {
				ALWAYS_SEARCH_USER_PATHS = NO;
				CLANG_ANALYZER_NONNULL = YES;
				CLANG_ANALYZER_NUMBER_OBJECT_CONVERSION = YES_AGGRESSIVE;
				CLANG_CXX_LANGUAGE_STANDARD = "gnu++14";
				CLANG_CXX_LIBRARY = "libc++";
				CLANG_ENABLE_MODULES = YES;
				CLANG_ENABLE_OBJC_ARC = YES;
				CLANG_ENABLE_OBJC_WEAK = YES;
				CLANG_WARN_BLOCK_CAPTURE_AUTORELEASING = YES;
				CLANG_WARN_BOOL_CONVERSION = YES;
				CLANG_WARN_COMMA = YES;
				CLANG_WARN_CONSTANT_CONVERSION = YES;
				CLANG_WARN_DEPRECATED_OBJC_IMPLEMENTATIONS = YES;
				CLANG_WARN_DIRECT_OBJC_ISA_USAGE = YES_ERROR;
				CLANG_WARN_DOCUMENTATION_COMMENTS = YES;
				CLANG_WARN_EMPTY_BODY = YES;
				CLANG_WARN_ENUM_CONVERSION = YES;
				CLANG_WARN_INFINITE_RECURSION = YES;
				CLANG_WARN_INT_CONVERSION = YES;
				CLANG_WARN_NON_LITERAL_NULL_CONVERSION = YES;
				CLANG_WARN_OBJC_IMPLICIT_RETAIN_SELF = YES;
				CLANG_WARN_OBJC_LITERAL_CONVERSION = YES;
				CLANG_WARN_OBJC_ROOT_CLASS = YES_ERROR;
				CLANG_WARN_QUOTED_INCLUDE_IN_FRAMEWORK_HEADER = YES;
				CLANG_WARN_RANGE_LOOP_ANALYSIS = YES;
				CLANG_WARN_STRICT_PROTOTYPES = YES;
				CLANG_WARN_SUSPICIOUS_MOVE = YES;
				CLANG_WARN_UNGUARDED_AVAILABILITY = YES_AGGRESSIVE;
				CLANG_WARN_UNREACHABLE_CODE = YES;
				CLANG_WARN__DUPLICATE_METHOD_MATCH = YES;
				COPY_PHASE_STRIP = NO;
				DEBUG_INFORMATION_FORMAT = dwarf;
				ENABLE_STRICT_OBJC_MSGSEND = YES;
				ENABLE_TESTABILITY = YES;
				GCC_C_LANGUAGE_STANDARD = gnu11;
				GCC_DYNAMIC_NO_PIC = NO;
				GCC_NO_COMMON_BLOCKS = YES;
				GCC_OPTIMIZATION_LEVEL = 0;
				GCC_PREPROCESSOR_DEFINITIONS = (
					"DEBUG=1",
					"$(inherited)",
				);
				GCC_WARN_64_TO_32_BIT_CONVERSION = YES;
				GCC_WARN_ABOUT_RETURN_TYPE = YES_ERROR;
				GCC_WARN_UNDECLARED_SELECTOR = YES;
				GCC_WARN_UNINITIALIZED_AUTOS = YES_AGGRESSIVE;
				GCC_WARN_UNUSED_FUNCTION = YES;
				GCC_WARN_UNUSED_VARIABLE = YES;
				IPHONEOS_DEPLOYMENT_TARGET = 14.5;
				MTL_ENABLE_DEBUG_INFO = INCLUDE_SOURCE;
				MTL_FAST_MATH = YES;
				ONLY_ACTIVE_ARCH = YES;
				SDKROOT = iphoneos;
				SWIFT_ACTIVE_COMPILATION_CONDITIONS = DEBUG;
				SWIFT_OPTIMIZATION_LEVEL = "-Onone";
			};
			name = Debug;
		};
		543E2016270712CE004E960D /* Release */ = {
			isa = XCBuildConfiguration;
			buildSettings = {
				ALWAYS_SEARCH_USER_PATHS = NO;
				CLANG_ANALYZER_NONNULL = YES;
				CLANG_ANALYZER_NUMBER_OBJECT_CONVERSION = YES_AGGRESSIVE;
				CLANG_CXX_LANGUAGE_STANDARD = "gnu++14";
				CLANG_CXX_LIBRARY = "libc++";
				CLANG_ENABLE_MODULES = YES;
				CLANG_ENABLE_OBJC_ARC = YES;
				CLANG_ENABLE_OBJC_WEAK = YES;
				CLANG_WARN_BLOCK_CAPTURE_AUTORELEASING = YES;
				CLANG_WARN_BOOL_CONVERSION = YES;
				CLANG_WARN_COMMA = YES;
				CLANG_WARN_CONSTANT_CONVERSION = YES;
				CLANG_WARN_DEPRECATED_OBJC_IMPLEMENTATIONS = YES;
				CLANG_WARN_DIRECT_OBJC_ISA_USAGE = YES_ERROR;
				CLANG_WARN_DOCUMENTATION_COMMENTS = YES;
				CLANG_WARN_EMPTY_BODY = YES;
				CLANG_WARN_ENUM_CONVERSION = YES;
				CLANG_WARN_INFINITE_RECURSION = YES;
				CLANG_WARN_INT_CONVERSION = YES;
				CLANG_WARN_NON_LITERAL_NULL_CONVERSION = YES;
				CLANG_WARN_OBJC_IMPLICIT_RETAIN_SELF = YES;
				CLANG_WARN_OBJC_LITERAL_CONVERSION = YES;
				CLANG_WARN_OBJC_ROOT_CLASS = YES_ERROR;
				CLANG_WARN_QUOTED_INCLUDE_IN_FRAMEWORK_HEADER = YES;
				CLANG_WARN_RANGE_LOOP_ANALYSIS = YES;
				CLANG_WARN_STRICT_PROTOTYPES = YES;
				CLANG_WARN_SUSPICIOUS_MOVE = YES;
				CLANG_WARN_UNGUARDED_AVAILABILITY = YES_AGGRESSIVE;
				CLANG_WARN_UNREACHABLE_CODE = YES;
				CLANG_WARN__DUPLICATE_METHOD_MATCH = YES;
				COPY_PHASE_STRIP = NO;
				DEBUG_INFORMATION_FORMAT = "dwarf-with-dsym";
				ENABLE_NS_ASSERTIONS = NO;
				ENABLE_STRICT_OBJC_MSGSEND = YES;
				GCC_C_LANGUAGE_STANDARD = gnu11;
				GCC_NO_COMMON_BLOCKS = YES;
				GCC_WARN_64_TO_32_BIT_CONVERSION = YES;
				GCC_WARN_ABOUT_RETURN_TYPE = YES_ERROR;
				GCC_WARN_UNDECLARED_SELECTOR = YES;
				GCC_WARN_UNINITIALIZED_AUTOS = YES_AGGRESSIVE;
				GCC_WARN_UNUSED_FUNCTION = YES;
				GCC_WARN_UNUSED_VARIABLE = YES;
				IPHONEOS_DEPLOYMENT_TARGET = 14.5;
				MTL_ENABLE_DEBUG_INFO = NO;
				MTL_FAST_MATH = YES;
				SDKROOT = iphoneos;
				SWIFT_COMPILATION_MODE = wholemodule;
				SWIFT_OPTIMIZATION_LEVEL = "-O";
				VALIDATE_PRODUCT = YES;
			};
			name = Release;
		};
		543E2018270712CE004E960D /* Debug */ = {
			isa = XCBuildConfiguration;
			buildSettings = {
				ASSETCATALOG_COMPILER_APPICON_NAME = AppIcon;
				ASSETCATALOG_COMPILER_GLOBAL_ACCENT_COLOR_NAME = AccentColor;
				CODE_SIGN_STYLE = Automatic;
				INFOPLIST_FILE = "lesson 12 HW/Info.plist";
				LD_RUNPATH_SEARCH_PATHS = (
					"$(inherited)",
					"@executable_path/Frameworks",
				);
				PRODUCT_BUNDLE_IDENTIFIER = "noone.lesson-12-HW";
				PRODUCT_NAME = "$(TARGET_NAME)";
				SWIFT_VERSION = 5.0;
				TARGETED_DEVICE_FAMILY = "1,2";
			};
			name = Debug;
		};
		543E2019270712CE004E960D /* Release */ = {
			isa = XCBuildConfiguration;
			buildSettings = {
				ASSETCATALOG_COMPILER_APPICON_NAME = AppIcon;
				ASSETCATALOG_COMPILER_GLOBAL_ACCENT_COLOR_NAME = AccentColor;
				CODE_SIGN_STYLE = Automatic;
				INFOPLIST_FILE = "lesson 12 HW/Info.plist";
				LD_RUNPATH_SEARCH_PATHS = (
					"$(inherited)",
					"@executable_path/Frameworks",
				);
				PRODUCT_BUNDLE_IDENTIFIER = "noone.lesson-12-HW";
				PRODUCT_NAME = "$(TARGET_NAME)";
				SWIFT_VERSION = 5.0;
				TARGETED_DEVICE_FAMILY = "1,2";
			};
			name = Release;
		};
/* End XCBuildConfiguration section */

/* Begin XCConfigurationList section */
		543E1FFE270712CD004E960D /* Build configuration list for PBXProject "lesson 12 HW" */ = {
			isa = XCConfigurationList;
			buildConfigurations = (
				543E2015270712CE004E960D /* Debug */,
				543E2016270712CE004E960D /* Release */,
			);
			defaultConfigurationIsVisible = 0;
			defaultConfigurationName = Release;
		};
		543E2017270712CE004E960D /* Build configuration list for PBXNativeTarget "lesson 12 HW" */ = {
			isa = XCConfigurationList;
			buildConfigurations = (
				543E2018270712CE004E960D /* Debug */,
				543E2019270712CE004E960D /* Release */,
			);
			defaultConfigurationIsVisible = 0;
			defaultConfigurationName = Release;
		};
/* End XCConfigurationList section */
	};
	rootObject = 543E1FFB270712CD004E960D /* Project object */;
}
